
Microsoft Visual Studio Solution File, Format Version 12.00
# Visual Studio Version 16
VisualStudioVersion = 16.0.30907.101
MinimumVisualStudioVersion = 10.0.40219.1
Project("{9A19103F-16F7-4668-BE54-9A1E7A4F7556}") = "P1_sumOf3", "SumOf3\P1_sumOf3.csproj", "{1D8E2EF5-55C9-49BA-82E4-D06A6DDB4FB0}"
EndProject
Project("{9A19103F-16F7-4668-BE54-9A1E7A4F7556}") = "P2_CoinToss", "P2_CoinToss\P2_CoinToss.csproj", "{92C5EA4E-1FBB-4FA8-9CBC-9EF68E41802E}"
EndProject
Project("{FAE04EC0-301F-11D3-BF4B-00C04F79EFBC}") = "P3_Guess_A_Number", "P3_Guess_A_Number\P3_Guess_A_Number.csproj", "{078F3EE0-7946-4C42-9B6A-767881150632}"
EndProject
Global
	GlobalSection(SolutionConfigurationPlatforms) = preSolution
		Debug|Any CPU = Debug|Any CPU
		Release|Any CPU = Release|Any CPU
	EndGlobalSection
	GlobalSection(ProjectConfigurationPlatforms) = postSolution
		{1D8E2EF5-55C9-49BA-82E4-D06A6DDB4FB0}.Debug|Any CPU.ActiveCfg = Debug|Any CPU
		{1D8E2EF5-55C9-49BA-82E4-D06A6DDB4FB0}.Debug|Any CPU.Build.0 = Debug|Any CPU
		{1D8E2EF5-55C9-49BA-82E4-D06A6DDB4FB0}.Release|Any CPU.ActiveCfg = Release|Any CPU
		{1D8E2EF5-55C9-49BA-82E4-D06A6DDB4FB0}.Release|Any CPU.Build.0 = Release|Any CPU
		{92C5EA4E-1FBB-4FA8-9CBC-9EF68E41802E}.Debug|Any CPU.ActiveCfg = Debug|Any CPU
		{92C5EA4E-1FBB-4FA8-9CBC-9EF68E41802E}.Debug|Any CPU.Build.0 = Debug|Any CPU
		{92C5EA4E-1FBB-4FA8-9CBC-9EF68E41802E}.Release|Any CPU.ActiveCfg = Release|Any CPU
		{92C5EA4E-1FBB-4FA8-9CBC-9EF68E41802E}.Release|Any CPU.Build.0 = Release|Any CPU
		{078F3EE0-7946-4C42-9B6A-767881150632}.Debug|Any CPU.ActiveCfg = Debug|Any CPU
		{078F3EE0-7946-4C42-9B6A-767881150632}.Debug|Any CPU.Build.0 = Debug|Any CPU
		{078F3EE0-7946-4C42-9B6A-767881150632}.Release|Any CPU.ActiveCfg = Release|Any CPU
		{078F3EE0-7946-4C42-9B6A-767881150632}.Release|Any CPU.Build.0 = Release|Any CPU
	EndGlobalSection
	GlobalSection(SolutionProperties) = preSolution
		HideSolutionNode = FALSE
	EndGlobalSection
	GlobalSection(ExtensibilityGlobals) = postSolution
		SolutionGuid = {92FD8525-ED48-4B68-BC2A-8D4C128CEA93}
	EndGlobalSection
EndGlobal
