
Microsoft Visual Studio Solution File, Format Version 12.00
# Visual Studio Version 16
VisualStudioVersion = 16.0.30907.101
MinimumVisualStudioVersion = 10.0.40219.1
Project("{9A19103F-16F7-4668-BE54-9A1E7A4F7556}") = "P1_sumOf3", "SumOf3\P1_sumOf3.csproj", "{1D8E2EF5-55C9-49BA-82E4-D06A6DDB4FB0}"
EndProject
Project("{9A19103F-16F7-4668-BE54-9A1E7A4F7556}") = "P2_CoinToss", "P2_CoinToss\P2_CoinToss.csproj", "{92C5EA4E-1FBB-4FA8-9CBC-9EF68E41802E}"
EndProject
Project("{9A19103F-16F7-4668-BE54-9A1E7A4F7556}") = "P3_Guess_A_Number", "P3_Guess_A_Number\P3_Guess_A_Number.csproj", "{078F3EE0-7946-4C42-9B6A-767881150632}"
EndProject
Project("{9A19103F-16F7-4668-BE54-9A1E7A4F7556}") = "P4_StringManipulation", "StringManipulation\P4_StringManipulation.csproj", "{D385F26E-7663-44CC-ACA9-EAFC238A3C89}"
EndProject
Project("{9A19103F-16F7-4668-BE54-9A1E7A4F7556}") = "P5_MinMaxAvgMode", "P5_MinMaxAvgMode\P5_MinMaxAvgMode.csproj", "{703E3C2D-5738-4144-80EC-3E44B9B81588}"
EndProject
Project("{9A19103F-16F7-4668-BE54-9A1E7A4F7556}") = "All_Types_Of_Collection", "All_Types_Of_Collection\All_Types_Of_Collection.csproj", "{ADE1319E-4C3C-46D0-B36A-A4FF8B3A7F4F}"
EndProject
Project("{9A19103F-16F7-4668-BE54-9A1E7A4F7556}") = "ProcessingCSVFile", "ProcessingCSVFile\ProcessingCSVFile.csproj", "{26DB50F2-755B-4EA2-A4CA-90CF48EE31AA}"
EndProject
Project("{9A19103F-16F7-4668-BE54-9A1E7A4F7556}") = "Functions_Calculator", "Functions_Calculator\Functions_Calculator.csproj", "{9E0E8982-F70B-4B6C-9F7A-503983710D02}"
EndProject
Project("{9A19103F-16F7-4668-BE54-9A1E7A4F7556}") = "Simple_Method_(Speak)", "Simple_Method_(Speak)\Simple_Method_(Speak).csproj", "{213BF6DD-6DE5-45CF-A3AE-932CE9EF02DA}"
EndProject
Project("{9A19103F-16F7-4668-BE54-9A1E7A4F7556}") = "Toy", "Toy\Toy.csproj", "{236D20FE-9116-4B24-BF23-C0828F294279}"
EndProject
Project("{9A19103F-16F7-4668-BE54-9A1E7A4F7556}") = "Classes-Toybox", "Classes-Toybox\Classes-Toybox.csproj", "{0E30C6AA-69EC-4B54-AE5E-2BEF4B2604ED}"
EndProject
Project("{9A19103F-16F7-4668-BE54-9A1E7A4F7556}") = "Classes_Cereal", "Classes_Cereal\Classes_Cereal.csproj", "{473EBC06-5519-413C-A968-3D58235B17E9}"
EndProject
Project("{FAE04EC0-301F-11D3-BF4B-00C04F79EFBC}") = "DogShelter", "DogShelter\DogShelter.csproj", "{842B491A-3833-4CAD-B9EC-EB7FBB5D0C77}"
EndProject
Global
	GlobalSection(SolutionConfigurationPlatforms) = preSolution
		Debug|Any CPU = Debug|Any CPU
		Release|Any CPU = Release|Any CPU
	EndGlobalSection
	GlobalSection(ProjectConfigurationPlatforms) = postSolution
		{1D8E2EF5-55C9-49BA-82E4-D06A6DDB4FB0}.Debug|Any CPU.ActiveCfg = Debug|Any CPU
		{1D8E2EF5-55C9-49BA-82E4-D06A6DDB4FB0}.Debug|Any CPU.Build.0 = Debug|Any CPU
		{1D8E2EF5-55C9-49BA-82E4-D06A6DDB4FB0}.Release|Any CPU.ActiveCfg = Release|Any CPU
		{1D8E2EF5-55C9-49BA-82E4-D06A6DDB4FB0}.Release|Any CPU.Build.0 = Release|Any CPU
		{92C5EA4E-1FBB-4FA8-9CBC-9EF68E41802E}.Debug|Any CPU.ActiveCfg = Debug|Any CPU
		{92C5EA4E-1FBB-4FA8-9CBC-9EF68E41802E}.Debug|Any CPU.Build.0 = Debug|Any CPU
		{92C5EA4E-1FBB-4FA8-9CBC-9EF68E41802E}.Release|Any CPU.ActiveCfg = Release|Any CPU
		{92C5EA4E-1FBB-4FA8-9CBC-9EF68E41802E}.Release|Any CPU.Build.0 = Release|Any CPU
		{078F3EE0-7946-4C42-9B6A-767881150632}.Debug|Any CPU.ActiveCfg = Debug|Any CPU
		{078F3EE0-7946-4C42-9B6A-767881150632}.Debug|Any CPU.Build.0 = Debug|Any CPU
		{078F3EE0-7946-4C42-9B6A-767881150632}.Release|Any CPU.ActiveCfg = Release|Any CPU
		{078F3EE0-7946-4C42-9B6A-767881150632}.Release|Any CPU.Build.0 = Release|Any CPU
		{D385F26E-7663-44CC-ACA9-EAFC238A3C89}.Debug|Any CPU.ActiveCfg = Debug|Any CPU
		{D385F26E-7663-44CC-ACA9-EAFC238A3C89}.Debug|Any CPU.Build.0 = Debug|Any CPU
		{D385F26E-7663-44CC-ACA9-EAFC238A3C89}.Release|Any CPU.ActiveCfg = Release|Any CPU
		{D385F26E-7663-44CC-ACA9-EAFC238A3C89}.Release|Any CPU.Build.0 = Release|Any CPU
		{703E3C2D-5738-4144-80EC-3E44B9B81588}.Debug|Any CPU.ActiveCfg = Debug|Any CPU
		{703E3C2D-5738-4144-80EC-3E44B9B81588}.Debug|Any CPU.Build.0 = Debug|Any CPU
		{703E3C2D-5738-4144-80EC-3E44B9B81588}.Release|Any CPU.ActiveCfg = Release|Any CPU
		{703E3C2D-5738-4144-80EC-3E44B9B81588}.Release|Any CPU.Build.0 = Release|Any CPU
		{ADE1319E-4C3C-46D0-B36A-A4FF8B3A7F4F}.Debug|Any CPU.ActiveCfg = Debug|Any CPU
		{ADE1319E-4C3C-46D0-B36A-A4FF8B3A7F4F}.Debug|Any CPU.Build.0 = Debug|Any CPU
		{ADE1319E-4C3C-46D0-B36A-A4FF8B3A7F4F}.Release|Any CPU.ActiveCfg = Release|Any CPU
		{ADE1319E-4C3C-46D0-B36A-A4FF8B3A7F4F}.Release|Any CPU.Build.0 = Release|Any CPU
		{26DB50F2-755B-4EA2-A4CA-90CF48EE31AA}.Debug|Any CPU.ActiveCfg = Debug|Any CPU
		{26DB50F2-755B-4EA2-A4CA-90CF48EE31AA}.Debug|Any CPU.Build.0 = Debug|Any CPU
		{26DB50F2-755B-4EA2-A4CA-90CF48EE31AA}.Release|Any CPU.ActiveCfg = Release|Any CPU
		{26DB50F2-755B-4EA2-A4CA-90CF48EE31AA}.Release|Any CPU.Build.0 = Release|Any CPU
		{9E0E8982-F70B-4B6C-9F7A-503983710D02}.Debug|Any CPU.ActiveCfg = Debug|Any CPU
		{9E0E8982-F70B-4B6C-9F7A-503983710D02}.Debug|Any CPU.Build.0 = Debug|Any CPU
		{9E0E8982-F70B-4B6C-9F7A-503983710D02}.Release|Any CPU.ActiveCfg = Release|Any CPU
		{9E0E8982-F70B-4B6C-9F7A-503983710D02}.Release|Any CPU.Build.0 = Release|Any CPU
		{213BF6DD-6DE5-45CF-A3AE-932CE9EF02DA}.Debug|Any CPU.ActiveCfg = Debug|Any CPU
		{213BF6DD-6DE5-45CF-A3AE-932CE9EF02DA}.Debug|Any CPU.Build.0 = Debug|Any CPU
		{213BF6DD-6DE5-45CF-A3AE-932CE9EF02DA}.Release|Any CPU.ActiveCfg = Release|Any CPU
		{213BF6DD-6DE5-45CF-A3AE-932CE9EF02DA}.Release|Any CPU.Build.0 = Release|Any CPU
		{236D20FE-9116-4B24-BF23-C0828F294279}.Debug|Any CPU.ActiveCfg = Debug|Any CPU
		{236D20FE-9116-4B24-BF23-C0828F294279}.Debug|Any CPU.Build.0 = Debug|Any CPU
		{236D20FE-9116-4B24-BF23-C0828F294279}.Release|Any CPU.ActiveCfg = Release|Any CPU
		{236D20FE-9116-4B24-BF23-C0828F294279}.Release|Any CPU.Build.0 = Release|Any CPU
		{0E30C6AA-69EC-4B54-AE5E-2BEF4B2604ED}.Debug|Any CPU.ActiveCfg = Debug|Any CPU
		{0E30C6AA-69EC-4B54-AE5E-2BEF4B2604ED}.Debug|Any CPU.Build.0 = Debug|Any CPU
		{0E30C6AA-69EC-4B54-AE5E-2BEF4B2604ED}.Release|Any CPU.ActiveCfg = Release|Any CPU
		{0E30C6AA-69EC-4B54-AE5E-2BEF4B2604ED}.Release|Any CPU.Build.0 = Release|Any CPU
		{473EBC06-5519-413C-A968-3D58235B17E9}.Debug|Any CPU.ActiveCfg = Debug|Any CPU
		{473EBC06-5519-413C-A968-3D58235B17E9}.Debug|Any CPU.Build.0 = Debug|Any CPU
		{473EBC06-5519-413C-A968-3D58235B17E9}.Release|Any CPU.ActiveCfg = Release|Any CPU
		{473EBC06-5519-413C-A968-3D58235B17E9}.Release|Any CPU.Build.0 = Release|Any CPU
		{842B491A-3833-4CAD-B9EC-EB7FBB5D0C77}.Debug|Any CPU.ActiveCfg = Debug|Any CPU
		{842B491A-3833-4CAD-B9EC-EB7FBB5D0C77}.Debug|Any CPU.Build.0 = Debug|Any CPU
		{842B491A-3833-4CAD-B9EC-EB7FBB5D0C77}.Release|Any CPU.ActiveCfg = Release|Any CPU
		{842B491A-3833-4CAD-B9EC-EB7FBB5D0C77}.Release|Any CPU.Build.0 = Release|Any CPU
	EndGlobalSection
	GlobalSection(SolutionProperties) = preSolution
		HideSolutionNode = FALSE
	EndGlobalSection
	GlobalSection(ExtensibilityGlobals) = postSolution
		SolutionGuid = {92FD8525-ED48-4B68-BC2A-8D4C128CEA93}
	EndGlobalSection
EndGlobal
