
Microsoft Visual Studio Solution File, Format Version 12.00
# Visual Studio Version 16
VisualStudioVersion = 16.0.30907.101
MinimumVisualStudioVersion = 10.0.40219.1
Project("{9A19103F-16F7-4668-BE54-9A1E7A4F7556}") = "GOTPractice", "GOTPractice\GOTPractice.csproj", "{7AF5FEE3-3BF2-408F-B28C-1B86A7C4E85D}"
EndProject
Project("{FAE04EC0-301F-11D3-BF4B-00C04F79EFBC}") = "SerializationPractice", "SerializationPractice\SerializationPractice.csproj", "{5B6DC419-03CB-4836-8F2A-4C73402DFE2D}"
EndProject
Global
	GlobalSection(SolutionConfigurationPlatforms) = preSolution
		Debug|Any CPU = Debug|Any CPU
		Release|Any CPU = Release|Any CPU
	EndGlobalSection
	GlobalSection(ProjectConfigurationPlatforms) = postSolution
		{7AF5FEE3-3BF2-408F-B28C-1B86A7C4E85D}.Debug|Any CPU.ActiveCfg = Debug|Any CPU
		{7AF5FEE3-3BF2-408F-B28C-1B86A7C4E85D}.Debug|Any CPU.Build.0 = Debug|Any CPU
		{7AF5FEE3-3BF2-408F-B28C-1B86A7C4E85D}.Release|Any CPU.ActiveCfg = Release|Any CPU
		{7AF5FEE3-3BF2-408F-B28C-1B86A7C4E85D}.Release|Any CPU.Build.0 = Release|Any CPU
		{5B6DC419-03CB-4836-8F2A-4C73402DFE2D}.Debug|Any CPU.ActiveCfg = Debug|Any CPU
		{5B6DC419-03CB-4836-8F2A-4C73402DFE2D}.Debug|Any CPU.Build.0 = Debug|Any CPU
		{5B6DC419-03CB-4836-8F2A-4C73402DFE2D}.Release|Any CPU.ActiveCfg = Release|Any CPU
		{5B6DC419-03CB-4836-8F2A-4C73402DFE2D}.Release|Any CPU.Build.0 = Release|Any CPU
	EndGlobalSection
	GlobalSection(SolutionProperties) = preSolution
		HideSolutionNode = FALSE
	EndGlobalSection
	GlobalSection(ExtensibilityGlobals) = postSolution
		SolutionGuid = {A1FA4D75-DC99-436A-BE9B-8A1D88FC13B7}
	EndGlobalSection
EndGlobal
